{
  "nodes": {
    "flake-compat": {
      "flake": false,
      "locked": {
        "lastModified": 1600853454,
        "narHash": "sha256-EgsgbcJNZ9AQLVhjhfiegGjLbO+StBY9hfKsCwc8Hw8=",
        "owner": "edolstra",
        "repo": "flake-compat",
        "rev": "94cf59784c73ecec461eaa291918eff0bfb538ac",
        "type": "github"
      },
      "original": {
        "owner": "edolstra",
        "repo": "flake-compat",
        "type": "github"
      }
    },
    "nixpkgs": {
      "locked": {
        "lastModified": 1586033165,
        "narHash": "sha256-anzxlEo3GUBfcqh8IPXDj+Us5Ozsi7Mqq3mndGoTx2M=",
        "owner": "nixos",
        "repo": "nixpkgs",
        "rev": "78bfdbb291fd20df0f0f65061ee3081610b0a48f",
        "type": "github"
      },
      "original": {
        "owner": "nixos",
        "repo": "nixpkgs",
        "rev": "78bfdbb291fd20df0f0f65061ee3081610b0a48f",
        "type": "github"
      }
    },
    "nixpkgs-review": {
      "flake": false,
      "locked": {
        "lastModified": 1595483250,
        "narHash": "sha256-iaTfWPspj2b27XrbIGIxpltuOks5VUz6zQaRmqTJnpM=",
        "owner": "Mic92",
        "repo": "nixpkgs-review",
        "rev": "be8da21f89e22aadcff08c2bed077cc45ad1ad43",
        "type": "github"
      },
      "original": {
        "owner": "Mic92",
        "repo": "nixpkgs-review",
        "type": "github"
      }
    },
    "root": {
      "inputs": {
        "flake-compat": "flake-compat",
        "nixpkgs": "nixpkgs",
        "nixpkgs-review": "nixpkgs-review"
      }
    }
  },
  "root": "root",
  "version": 7
}
