{
  "nodes": {
    "nixpkgs": {
      "locked": {
        "lastModified": 1691709280,
        "narHash": "sha256-zmfH2OlZEXwv572d0g8f6M5Ac6RiO8TxymOpY3uuqrM=",
        "owner": "NixOS",
        "repo": "nixpkgs",
        "rev": "cf73a86c35a84de0e2f3ba494327cf6fb51c0dfd",
        "type": "github"
      },
      "original": {
        "id": "nixpkgs",
        "type": "indirect"
      }
    },
    "root": {
      "inputs": {
        "nixpkgs": "nixpkgs"
      }
    }
  },
  "root": "root",
  "version": 7
}
